lockfileVersion: "9.0"

settings:
  autoInstallPeers: true
  excludeLinksFromLockfile: false

importers:
  .:
    devDependencies:
      lightningcss:
        specifier: ^1.28.2
        version: 1.28.2
      lightningcss-cli:
        specifier: ^1.28.2
        version: 1.28.2
      prettier:
        specifier: ^3.3.3
        version: 3.3.3
      rimraf:
        specifier: ^6.0.1
        version: 6.0.1

packages:
  "@isaacs/cliui@8.0.2":
    resolution:
      {
        integrity: sha512-O8jcjabXaleOG9DQ0+ARXWZBTfnP4WNAqzuiJK7ll44AmxGKv/J2M4TPjxjY3znBCfvBXFzucm1twdyFybFqEA==,
      }
    engines: { node: ">=12" }

  ansi-regex@5.0.1:
    resolution:
      {
        integrity: sha512-quJQXlTSUGL2LH9SUXo8VwsY4soanhgo6LNSm84E1LBcE8s3O0wpdiRzyR9z/ZZJMlMWv37qOOb9pdJlMUEKFQ==,
      }
    engines: { node: ">=8" }

  ansi-regex@6.1.0:
    resolution:
      {
        integrity: sha512-7HSX4QQb4CspciLpVFwyRe79O3xsIZDDLER21kERQ71oaPodF8jL725AgJMFAYbooIqolJoRLuM81SpeUkpkvA==,
      }
    engines: { node: ">=12" }

  ansi-styles@4.3.0:
    resolution:
      {
        integrity: sha512-zbB9rCJAT1rbjiVDb2hqKFHNYLxgtk8NURxZ3IZwD3F6NtxbXZQCnnSi1Lkx+IDohdPlFp222wVALIheZJQSEg==,
      }
    engines: { node: ">=8" }

  ansi-styles@6.2.1:
    resolution:
      {
        integrity: sha512-bN798gFfQX+viw3R7yrGWRqnrN2oRkEkUjjl4JNn4E8GxxbjtG3FbrEIIY3l8/hrwUwIeCZvi4QuOTP4MErVug==,
      }
    engines: { node: ">=12" }

  balanced-match@1.0.2:
    resolution:
      {
        integrity: sha512-3oSeUO0TMV67hN1AmbXsK4yaqU7tjiHlbxRDZOpH0KW9+CeX4bRAaX0Anxt0tx2MrpRpWwQaPwIlISEJhYU5Pw==,
      }

  brace-expansion@2.0.1:
    resolution:
      {
        integrity: sha512-XnAIvQ8eM+kC6aULx6wuQiwVsnzsi9d3WxzV3FpWTGA19F621kwdbsAcFKXgKUHZWsy+mY6iL1sHTxWEFCytDA==,
      }

  color-convert@2.0.1:
    resolution:
      {
        integrity: sha512-RRECPsj7iu/xb5oKYcsFHSppFNnsj/52OVTRKb4zP5onXwVF3zVmmToNcOfGC+CRDpfK/U584fMg38ZHCaElKQ==,
      }
    engines: { node: ">=7.0.0" }

  color-name@1.1.4:
    resolution:
      {
        integrity: sha512-dOy+3AuW3a2wNbZHIuMZpTcgjGuLU/uBL/ubcZF9OXbDo8ff4O8yVp5Bf0efS8uEoYo5q4Fx7dY9OgQGXgAsQA==,
      }

  cross-spawn@7.0.6:
    resolution:
      {
        integrity: sha512-uV2QOWP2nWzsy2aMp8aRibhi9dlzF5Hgh5SHaB9OiTGEyDTiJJyx0uy51QXdyWbtAHNua4XJzUKca3OzKUd3vA==,
      }
    engines: { node: ">= 8" }

  detect-libc@1.0.3:
    resolution:
      {
        integrity: sha512-pGjwhsmsp4kL2RTz08wcOlGN83otlqHeD/Z5T8GXZB+/YcpQ/dgo+lbU8ZsGxV0HIvqqxo9l7mqYwyYMD9bKDg==,
      }
    engines: { node: ">=0.10" }
    hasBin: true

  eastasianwidth@0.2.0:
    resolution:
      {
        integrity: sha512-I88TYZWc9XiYHRQ4/3c5rjjfgkjhLyW2luGIheGERbNQ6OY7yTybanSpDXZa8y7VUP9YmDcYa+eyq4ca7iLqWA==,
      }

  emoji-regex@8.0.0:
    resolution:
      {
        integrity: sha512-MSjYzcWNOA0ewAHpz0MxpYFvwg6yjy1NG3xteoqz644VCo/RPgnr1/GGt+ic3iJTzQ8Eu3TdM14SawnVUmGE6A==,
      }

  emoji-regex@9.2.2:
    resolution:
      {
        integrity: sha512-L18DaJsXSUk2+42pv8mLs5jJT2hqFkFE4j21wOmgbUqsZ2hL72NsUU785g9RXgo3s0ZNgVl42TiHp3ZtOv/Vyg==,
      }

  foreground-child@3.3.0:
    resolution:
      {
        integrity: sha512-Ld2g8rrAyMYFXBhEqMz8ZAHBi4J4uS1i/CxGMDnjyFWddMXLVcDp051DZfu+t7+ab7Wv6SMqpWmyFIj5UbfFvg==,
      }
    engines: { node: ">=14" }

  glob@11.0.0:
    resolution:
      {
        integrity: sha512-9UiX/Bl6J2yaBbxKoEBRm4Cipxgok8kQYcOPEhScPwebu2I0HoQOuYdIO6S3hLuWoZgpDpwQZMzTFxgpkyT76g==,
      }
    engines: { node: 20 || >=22 }
    hasBin: true

  is-fullwidth-code-point@3.0.0:
    resolution:
      {
        integrity: sha512-zymm5+u+sCsSWyD9qNaejV3DFvhCKclKdizYaJUuHA83RLjb7nSuGnddCHGv0hk+KY7BMAlsWeK4Ueg6EV6XQg==,
      }
    engines: { node: ">=8" }

  isexe@2.0.0:
    resolution:
      {
        integrity: sha512-RHxMLp9lnKHGHRng9QFhRCMbYAcVpn69smSGcq3f36xjgVVWThj4qqLbTLlq7Ssj8B+fIQ1EuCEGI2lKsyQeIw==,
      }

  jackspeak@4.0.2:
    resolution:
      {
        integrity: sha512-bZsjR/iRjl1Nk1UkjGpAzLNfQtzuijhn2g+pbZb98HQ1Gk8vM9hfbxeMBP+M2/UUdwj0RqGG3mlvk2MsAqwvEw==,
      }
    engines: { node: 20 || >=22 }

  lightningcss-cli-darwin-arm64@1.28.2:
    resolution:
      {
        integrity: sha512-P6CzNJcRNsuLLv/UKiYqWF4N78prZfcRdg+/2/XtaAXlWv2CpkDOCerAEHgq9QaQjB+b5aFAkDY9/KONVIYiwQ==,
      }
    engines: { node: ">= 12.0.0" }
    cpu: [arm64]
    os: [darwin]

  lightningcss-cli-darwin-x64@1.28.2:
    resolution:
      {
        integrity: sha512-cbp+U2u8OAjXo8KjLoQMVLJJqXBPWKDLgtmrrIx/qIw0aVpo3IgkLVWOg+uLLr23f9RSFvEMD8SEwcgtpJL4Bw==,
      }
    engines: { node: ">= 12.0.0" }
    cpu: [x64]
    os: [darwin]

  lightningcss-cli-freebsd-x64@1.28.2:
    resolution:
      {
        integrity: sha512-1F88CelPjWzawGgwq1SA1KYfHZBGg0B61DNknLzBqIEXmbDxp4PCUrXP3GatamgcyRJID2kjRg8y44mSIHXw8Q==,
      }
    engines: { node: ">= 12.0.0" }
    cpu: [x64]
    os: [freebsd]

  lightningcss-cli-linux-arm-gnueabihf@1.28.2:
    resolution:
      {
        integrity: sha512-GTe8SSYUC/y4aa6BSP4p5Y1ixEGZPxHezsK8y3qvO12+W0l5S+7DHUoe7d6LXRepWqAbajzr8cLk1f5NqAMgjA==,
      }
    engines: { node: ">= 12.0.0" }
    cpu: [arm]
    os: [linux]

  lightningcss-cli-linux-arm64-gnu@1.28.2:
    resolution:
      {
        integrity: sha512-lwy70KvUdOf7WLgn+EIuogeCy8AaJji59ioCxiY96YbRPQkfwrPg1UWKaPO+oFqeHiUcHdoYuP86v53P3py1Rw==,
      }
    engines: { node: ">= 12.0.0" }
    cpu: [arm64]
    os: [linux]

  lightningcss-cli-linux-arm64-musl@1.28.2:
    resolution:
      {
        integrity: sha512-mloVIVE6L+j0fVDT81uHegAtGBI52oxIqNv5jrcWa9d9xewfBeSrFyv71ZtJu8h72VRksT/bP7dUVEqGwM3+eA==,
      }
    engines: { node: ">= 12.0.0" }
    cpu: [arm64]
    os: [linux]

  lightningcss-cli-linux-x64-gnu@1.28.2:
    resolution:
      {
        integrity: sha512-M0MGrjkmgGRbGAkAQlfBVIdb1ZW78JpJ6Bqz4ERkZ8siKUDR4yCH/vFJ9RHRxsQSXqc1qGLEuOXWi1NVYqtSfA==,
      }
    engines: { node: ">= 12.0.0" }
    cpu: [x64]
    os: [linux]

  lightningcss-cli-linux-x64-musl@1.28.2:
    resolution:
      {
        integrity: sha512-QgYkVugR7Od3vMJonT+WlUf25X+H+zivbXJPP+itYWYnDyXZ14Loega+ae4MFdSzx+B4K6+l7BQxcKTGNx4kyg==,
      }
    engines: { node: ">= 12.0.0" }
    cpu: [x64]
    os: [linux]

  lightningcss-cli-win32-arm64-msvc@1.28.2:
    resolution:
      {
        integrity: sha512-sxyia6nERnx7NAOsqGrqozsV4xeyClwnOn4KQcDlkOaO31hlAlTGveWSEU1UHoMm9CE2fhLvUCiJmF605uEk0Q==,
      }
    engines: { node: ">= 12.0.0" }
    cpu: [arm64]
    os: [win32]

  lightningcss-cli-win32-x64-msvc@1.28.2:
    resolution:
      {
        integrity: sha512-2lsfto01pnWUyFe3Vlrer3oAhsYwX4Bk/FTjVKLMm785O3DD6jf2LYCKOcgTfVnCqAl+sTR+jM8B2AWVlgFyKw==,
      }
    engines: { node: ">= 12.0.0" }
    cpu: [x64]
    os: [win32]

  lightningcss-cli@1.28.2:
    resolution:
      {
        integrity: sha512-f+KommuBfCFYGL1ZCN6edSXt1Q+ZH35nCo+7RzT1/XpRIWhixZIJIWJE+AcXUArnrKYx/m26BQMCFRYazWZrBw==,
      }
    engines: { node: ">= 12.0.0" }
    hasBin: true

  lightningcss-darwin-arm64@1.28.2:
    resolution:
      {
        integrity: sha512-/8cPSqZiusHSS+WQz0W4NuaqFjquys1x+NsdN/XOHb+idGHJSoJ7SoQTVl3DZuAgtPZwFZgRfb/vd1oi8uX6+g==,
      }
    engines: { node: ">= 12.0.0" }
    cpu: [arm64]
    os: [darwin]

  lightningcss-darwin-x64@1.28.2:
    resolution:
      {
        integrity: sha512-R7sFrXlgKjvoEG8umpVt/yutjxOL0z8KWf0bfPT3cYMOW4470xu5qSHpFdIOpRWwl3FKNMUdbKtMUjYt0h2j4g==,
      }
    engines: { node: ">= 12.0.0" }
    cpu: [x64]
    os: [darwin]

  lightningcss-freebsd-x64@1.28.2:
    resolution:
      {
        integrity: sha512-l2qrCT+x7crAY+lMIxtgvV10R8VurzHAoUZJaVFSlHrN8kRLTvEg9ObojIDIexqWJQvJcVVV3vfzsEynpiuvgA==,
      }
    engines: { node: ">= 12.0.0" }
    cpu: [x64]
    os: [freebsd]

  lightningcss-linux-arm-gnueabihf@1.28.2:
    resolution:
      {
        integrity: sha512-DKMzpICBEKnL53X14rF7hFDu8KKALUJtcKdFUCW5YOlGSiwRSgVoRjM97wUm/E0NMPkzrTi/rxfvt7ruNK8meg==,
      }
    engines: { node: ">= 12.0.0" }
    cpu: [arm]
    os: [linux]

  lightningcss-linux-arm64-gnu@1.28.2:
    resolution:
      {
        integrity: sha512-nhfjYkfymWZSxdtTNMWyhFk2ImUm0X7NAgJWFwnsYPOfmtWQEapzG/DXZTfEfMjSzERNUNJoQjPAbdqgB+sjiw==,
      }
    engines: { node: ">= 12.0.0" }
    cpu: [arm64]
    os: [linux]

  lightningcss-linux-arm64-musl@1.28.2:
    resolution:
      {
        integrity: sha512-1SPG1ZTNnphWvAv8RVOymlZ8BDtAg69Hbo7n4QxARvkFVCJAt0cgjAw1Fox0WEhf4PwnyoOBaVH0Z5YNgzt4dA==,
      }
    engines: { node: ">= 12.0.0" }
    cpu: [arm64]
    os: [linux]

  lightningcss-linux-x64-gnu@1.28.2:
    resolution:
      {
        integrity: sha512-ZhQy0FcO//INWUdo/iEdbefntTdpPVQ0XJwwtdbBuMQe+uxqZoytm9M+iqR9O5noWFaxK+nbS2iR/I80Q2Ofpg==,
      }
    engines: { node: ">= 12.0.0" }
    cpu: [x64]
    os: [linux]

  lightningcss-linux-x64-musl@1.28.2:
    resolution:
      {
        integrity: sha512-alb/j1NMrgQmSFyzTbN1/pvMPM+gdDw7YBuQ5VSgcFDypN3Ah0BzC2dTZbzwzaMdUVDszX6zH5MzjfVN1oGuww==,
      }
    engines: { node: ">= 12.0.0" }
    cpu: [x64]
    os: [linux]

  lightningcss-win32-arm64-msvc@1.28.2:
    resolution:
      {
        integrity: sha512-WnwcjcBeAt0jGdjlgbT9ANf30pF0C/QMb1XnLnH272DQU8QXh+kmpi24R55wmWBwaTtNAETZ+m35ohyeMiNt+g==,
      }
    engines: { node: ">= 12.0.0" }
    cpu: [arm64]
    os: [win32]

  lightningcss-win32-x64-msvc@1.28.2:
    resolution:
      {
        integrity: sha512-3piBifyT3avz22o6mDKywQC/OisH2yDK+caHWkiMsF82i3m5wDBadyCjlCQ5VNgzYkxrWZgiaxHDdd5uxsi0/A==,
      }
    engines: { node: ">= 12.0.0" }
    cpu: [x64]
    os: [win32]

  lightningcss@1.28.2:
    resolution:
      {
        integrity: sha512-ePLRrbt3fgjXI5VFZOLbvkLD5ZRuxGKm+wJ3ujCqBtL3NanDHPo/5zicR5uEKAPiIjBYF99BM4K4okvMznjkVA==,
      }
    engines: { node: ">= 12.0.0" }

  lru-cache@11.0.2:
    resolution:
      {
        integrity: sha512-123qHRfJBmo2jXDbo/a5YOQrJoHF/GNQTLzQ5+IdK5pWpceK17yRc6ozlWd25FxvGKQbIUs91fDFkXmDHTKcyA==,
      }
    engines: { node: 20 || >=22 }

  minimatch@10.0.1:
    resolution:
      {
        integrity: sha512-ethXTt3SGGR+95gudmqJ1eNhRO7eGEGIgYA9vnPatK4/etz2MEVDno5GMCibdMTuBMyElzIlgxMna3K94XDIDQ==,
      }
    engines: { node: 20 || >=22 }

  minipass@7.1.2:
    resolution:
      {
        integrity: sha512-qOOzS1cBTWYF4BH8fVePDBOO9iptMnGUEZwNc/cMWnTV2nVLZ7VoNWEPHkYczZA0pdoA7dl6e7FL659nX9S2aw==,
      }
    engines: { node: ">=16 || 14 >=14.17" }

  package-json-from-dist@1.0.1:
    resolution:
      {
        integrity: sha512-UEZIS3/by4OC8vL3P2dTXRETpebLI2NiI5vIrjaD/5UtrkFX/tNbwjTSRAGC/+7CAo2pIcBaRgWmcBBHcsaCIw==,
      }

  path-key@3.1.1:
    resolution:
      {
        integrity: sha512-ojmeN0qd+y0jszEtoY48r0Peq5dwMEkIlCOu6Q5f41lfkswXuKtYrhgoTpLnyIcHm24Uhqx+5Tqm2InSwLhE6Q==,
      }
    engines: { node: ">=8" }

  path-scurry@2.0.0:
    resolution:
      {
        integrity: sha512-ypGJsmGtdXUOeM5u93TyeIEfEhM6s+ljAhrk5vAvSx8uyY/02OvrZnA0YNGUrPXfpJMgI1ODd3nwz8Npx4O4cg==,
      }
    engines: { node: 20 || >=22 }

  prettier@3.3.3:
    resolution:
      {
        integrity: sha512-i2tDNA0O5IrMO757lfrdQZCc2jPNDVntV0m/+4whiDfWaTKfMNgR7Qz0NAeGz/nRqF4m5/6CLzbP4/liHt12Ew==,
      }
    engines: { node: ">=14" }
    hasBin: true

  rimraf@6.0.1:
    resolution:
      {
        integrity: sha512-9dkvaxAsk/xNXSJzMgFqqMCuFgt2+KsOFek3TMLfo8NCPfWpBmqwyNn5Y+NX56QUYfCtsyhF3ayiboEoUmJk/A==,
      }
    engines: { node: 20 || >=22 }
    hasBin: true

  shebang-command@2.0.0:
    resolution:
      {
        integrity: sha512-kHxr2zZpYtdmrN1qDjrrX/Z1rR1kG8Dx+gkpK1G4eXmvXswmcE1hTWBWYUzlraYw1/yZp6YuDY77YtvbN0dmDA==,
      }
    engines: { node: ">=8" }

  shebang-regex@3.0.0:
    resolution:
      {
        integrity: sha512-7++dFhtcx3353uBaq8DDR4NuxBetBzC7ZQOhmTQInHEd6bSrXdiEyzCvG07Z44UYdLShWUyXt5M/yhz8ekcb1A==,
      }
    engines: { node: ">=8" }

  signal-exit@4.1.0:
    resolution:
      {
        integrity: sha512-bzyZ1e88w9O1iNJbKnOlvYTrWPDl46O1bG0D3XInv+9tkPrxrN8jUUTiFlDkkmKWgn1M6CfIA13SuGqOa9Korw==,
      }
    engines: { node: ">=14" }

  string-width@4.2.3:
    resolution:
      {
        integrity: sha512-wKyQRQpjJ0sIp62ErSZdGsjMJWsap5oRNihHhu6G7JVO/9jIB6UyevL+tXuOqrng8j/cxKTWyWUwvSTriiZz/g==,
      }
    engines: { node: ">=8" }

  string-width@5.1.2:
    resolution:
      {
        integrity: sha512-HnLOCR3vjcY8beoNLtcjZ5/nxn2afmME6lhrDrebokqMap+XbeW8n9TXpPDOqdGK5qcI3oT0GKTW6wC7EMiVqA==,
      }
    engines: { node: ">=12" }

  strip-ansi@6.0.1:
    resolution:
      {
        integrity: sha512-Y38VPSHcqkFrCpFnQ9vuSXmquuv5oXOKpGeT6aGrr3o3Gc9AlVa6JBfUSOCnbxGGZF+/0ooI7KrPuUSztUdU5A==,
      }
    engines: { node: ">=8" }

  strip-ansi@7.1.0:
    resolution:
      {
        integrity: sha512-iq6eVVI64nQQTRYq2KtEg2d2uU7LElhTJwsH4YzIHZshxlgZms/wIc4VoDQTlG/IvVIrBKG06CrZnp0qv7hkcQ==,
      }
    engines: { node: ">=12" }

  which@2.0.2:
    resolution:
      {
        integrity: sha512-BLI3Tl1TW3Pvl70l3yq3Y64i+awpwXqsGBYWkkqMtnbXgrMD+yj7rhW0kuEDxzJaYXGjEW5ogapKNMEKNMjibA==,
      }
    engines: { node: ">= 8" }
    hasBin: true

  wrap-ansi@7.0.0:
    resolution:
      {
        integrity: sha512-YVGIj2kamLSTxw6NsZjoBxfSwsn0ycdesmc4p+Q21c5zPuZ1pl+NfxVdxPtdHvmNVOQ6XSYG4AUtyt/Fi7D16Q==,
      }
    engines: { node: ">=10" }

  wrap-ansi@8.1.0:
    resolution:
      {
        integrity: sha512-si7QWI6zUMq56bESFvagtmzMdGOtoxfR+Sez11Mobfc7tm+VkUckk9bW2UeffTGVUbOksxmSw0AA2gs8g71NCQ==,
      }
    engines: { node: ">=12" }

snapshots:
  "@isaacs/cliui@8.0.2":
    dependencies:
      string-width: 5.1.2
      string-width-cjs: string-width@4.2.3
      strip-ansi: 7.1.0
      strip-ansi-cjs: strip-ansi@6.0.1
      wrap-ansi: 8.1.0
      wrap-ansi-cjs: wrap-ansi@7.0.0

  ansi-regex@5.0.1: {}

  ansi-regex@6.1.0: {}

  ansi-styles@4.3.0:
    dependencies:
      color-convert: 2.0.1

  ansi-styles@6.2.1: {}

  balanced-match@1.0.2: {}

  brace-expansion@2.0.1:
    dependencies:
      balanced-match: 1.0.2

  color-convert@2.0.1:
    dependencies:
      color-name: 1.1.4

  color-name@1.1.4: {}

  cross-spawn@7.0.6:
    dependencies:
      path-key: 3.1.1
      shebang-command: 2.0.0
      which: 2.0.2

  detect-libc@1.0.3: {}

  eastasianwidth@0.2.0: {}

  emoji-regex@8.0.0: {}

  emoji-regex@9.2.2: {}

  foreground-child@3.3.0:
    dependencies:
      cross-spawn: 7.0.6
      signal-exit: 4.1.0

  glob@11.0.0:
    dependencies:
      foreground-child: 3.3.0
      jackspeak: 4.0.2
      minimatch: 10.0.1
      minipass: 7.1.2
      package-json-from-dist: 1.0.1
      path-scurry: 2.0.0

  is-fullwidth-code-point@3.0.0: {}

  isexe@2.0.0: {}

  jackspeak@4.0.2:
    dependencies:
      "@isaacs/cliui": 8.0.2

  lightningcss-cli-darwin-arm64@1.28.2:
    optional: true

  lightningcss-cli-darwin-x64@1.28.2:
    optional: true

  lightningcss-cli-freebsd-x64@1.28.2:
    optional: true

  lightningcss-cli-linux-arm-gnueabihf@1.28.2:
    optional: true

  lightningcss-cli-linux-arm64-gnu@1.28.2:
    optional: true

  lightningcss-cli-linux-arm64-musl@1.28.2:
    optional: true

  lightningcss-cli-linux-x64-gnu@1.28.2:
    optional: true

  lightningcss-cli-linux-x64-musl@1.28.2:
    optional: true

  lightningcss-cli-win32-arm64-msvc@1.28.2:
    optional: true

  lightningcss-cli-win32-x64-msvc@1.28.2:
    optional: true

  lightningcss-cli@1.28.2:
    dependencies:
      detect-libc: 1.0.3
    optionalDependencies:
      lightningcss-cli-darwin-arm64: 1.28.2
      lightningcss-cli-darwin-x64: 1.28.2
      lightningcss-cli-freebsd-x64: 1.28.2
      lightningcss-cli-linux-arm-gnueabihf: 1.28.2
      lightningcss-cli-linux-arm64-gnu: 1.28.2
      lightningcss-cli-linux-arm64-musl: 1.28.2
      lightningcss-cli-linux-x64-gnu: 1.28.2
      lightningcss-cli-linux-x64-musl: 1.28.2
      lightningcss-cli-win32-arm64-msvc: 1.28.2
      lightningcss-cli-win32-x64-msvc: 1.28.2

  lightningcss-darwin-arm64@1.28.2:
    optional: true

  lightningcss-darwin-x64@1.28.2:
    optional: true

  lightningcss-freebsd-x64@1.28.2:
    optional: true

  lightningcss-linux-arm-gnueabihf@1.28.2:
    optional: true

  lightningcss-linux-arm64-gnu@1.28.2:
    optional: true

  lightningcss-linux-arm64-musl@1.28.2:
    optional: true

  lightningcss-linux-x64-gnu@1.28.2:
    optional: true

  lightningcss-linux-x64-musl@1.28.2:
    optional: true

  lightningcss-win32-arm64-msvc@1.28.2:
    optional: true

  lightningcss-win32-x64-msvc@1.28.2:
    optional: true

  lightningcss@1.28.2:
    dependencies:
      detect-libc: 1.0.3
    optionalDependencies:
      lightningcss-darwin-arm64: 1.28.2
      lightningcss-darwin-x64: 1.28.2
      lightningcss-freebsd-x64: 1.28.2
      lightningcss-linux-arm-gnueabihf: 1.28.2
      lightningcss-linux-arm64-gnu: 1.28.2
      lightningcss-linux-arm64-musl: 1.28.2
      lightningcss-linux-x64-gnu: 1.28.2
      lightningcss-linux-x64-musl: 1.28.2
      lightningcss-win32-arm64-msvc: 1.28.2
      lightningcss-win32-x64-msvc: 1.28.2

  lru-cache@11.0.2: {}

  minimatch@10.0.1:
    dependencies:
      brace-expansion: 2.0.1

  minipass@7.1.2: {}

  package-json-from-dist@1.0.1: {}

  path-key@3.1.1: {}

  path-scurry@2.0.0:
    dependencies:
      lru-cache: 11.0.2
      minipass: 7.1.2

  prettier@3.3.3: {}

  rimraf@6.0.1:
    dependencies:
      glob: 11.0.0
      package-json-from-dist: 1.0.1

  shebang-command@2.0.0:
    dependencies:
      shebang-regex: 3.0.0

  shebang-regex@3.0.0: {}

  signal-exit@4.1.0: {}

  string-width@4.2.3:
    dependencies:
      emoji-regex: 8.0.0
      is-fullwidth-code-point: 3.0.0
      strip-ansi: 6.0.1

  string-width@5.1.2:
    dependencies:
      eastasianwidth: 0.2.0
      emoji-regex: 9.2.2
      strip-ansi: 7.1.0

  strip-ansi@6.0.1:
    dependencies:
      ansi-regex: 5.0.1

  strip-ansi@7.1.0:
    dependencies:
      ansi-regex: 6.1.0

  which@2.0.2:
    dependencies:
      isexe: 2.0.0

  wrap-ansi@7.0.0:
    dependencies:
      ansi-styles: 4.3.0
      string-width: 4.2.3
      strip-ansi: 6.0.1

  wrap-ansi@8.1.0:
    dependencies:
      ansi-styles: 6.2.1
      string-width: 5.1.2
      strip-ansi: 7.1.0
